<?xml version="1.0" encoding="utf-8"?>
<Project ToolsVersion="4.0" xmlns="http://schemas.microsoft.com/developer/msbuild/2003">
  <ItemGroup>
    <Filter Include="Source Files">
      <UniqueIdentifier>{4FC737F1-C7A5-4376-A066-2A32D752A2FF}</UniqueIdentifier>
      <Extensions>cpp;c;cc;cxx;def;odl;idl;hpj;bat;asm;asmx</Extensions>
    </Filter>
    <Filter Include="Header Files">
      <UniqueIdentifier>{93995380-89BD-4b04-88EB-625FBE52EBFB}</UniqueIdentifier>
      <Extensions>h;hh;hpp;hxx;hm;inl;inc;ipp;xsd</Extensions>
    </Filter>
    <Filter Include="Resource Files">
      <UniqueIdentifier>{67DA6AB6-F800-4c08-8B7A-83BB121AAD01}</UniqueIdentifier>
      <Extensions>rc;ico;cur;bmp;dlg;rc2;rct;bin;rgs;gif;jpg;jpeg;jpe;resx;tiff;tif;png;wav;mfcribbon-ms</Extensions>
    </Filter>
    <Filter Include="AbstractFactory">
      <UniqueIdentifier>{db2148d4-4d72-4b66-b38f-79cac13f2fce}</UniqueIdentifier>
    </Filter>
    <Filter Include="AdapterClass">
      <UniqueIdentifier>{d2374dfe-1d80-47ea-bd2d-871b283660db}</UniqueIdentifier>
    </Filter>
    <Filter Include="AdapterObject">
      <UniqueIdentifier>{dd802239-5475-4cee-9536-f71e26813ffb}</UniqueIdentifier>
    </Filter>
    <Filter Include="Bridge">
      <UniqueIdentifier>{21d2cb29-ed14-4015-bc75-7ecf8ee501aa}</UniqueIdentifier>
    </Filter>
    <Filter Include="Builder">
      <UniqueIdentifier>{7a32375b-aec7-4a70-9f8a-3b916ba9ebe3}</UniqueIdentifier>
    </Filter>
    <Filter Include="ChainOfResponsibility">
      <UniqueIdentifier>{a3da8577-4fa5-44c1-9b38-0438a3b15f09}</UniqueIdentifier>
    </Filter>
    <Filter Include="Command">
      <UniqueIdentifier>{e16cf3a5-86de-4f61-8d02-1d422a212dd2}</UniqueIdentifier>
    </Filter>
    <Filter Include="Composite">
      <UniqueIdentifier>{63ed03da-e2e8-491e-8193-79650cfc3bf3}</UniqueIdentifier>
    </Filter>
    <Filter Include="Decorator">
      <UniqueIdentifier>{64f5f2ab-d2ff-4278-9d81-b33a8b8126df}</UniqueIdentifier>
    </Filter>
    <Filter Include="Facade">
      <UniqueIdentifier>{ceb4e9f0-e964-47a8-9c16-9de33534742c}</UniqueIdentifier>
    </Filter>
    <Filter Include="FactoryMethod">
      <UniqueIdentifier>{4735b270-788a-45df-b83c-c6f809b71793}</UniqueIdentifier>
    </Filter>
    <Filter Include="Flyweight">
      <UniqueIdentifier>{cff17e7d-ffd5-4d67-a9b2-68f189751516}</UniqueIdentifier>
    </Filter>
    <Filter Include="Interpreter">
      <UniqueIdentifier>{720edaf4-fd12-4c07-8c13-259ceb8c4274}</UniqueIdentifier>
    </Filter>
    <Filter Include="Iterator">
      <UniqueIdentifier>{c25060c5-9277-4552-af2a-4a72a1b5dc78}</UniqueIdentifier>
    </Filter>
    <Filter Include="Mediator">
      <UniqueIdentifier>{b5756a7a-f4d7-4d4d-9c6e-0849ef62a1f2}</UniqueIdentifier>
    </Filter>
  </ItemGroup>
  <ItemGroup>
    <ClInclude Include="stdafx.h">
      <Filter>Header Files</Filter>
    </ClInclude>
    <ClInclude Include="targetver.h">
      <Filter>Header Files</Filter>
    </ClInclude>
    <ClInclude Include="AbstractFactory\CarFactory.h">
      <Filter>AbstractFactory</Filter>
    </ClInclude>
    <ClInclude Include="AdapterClass\AdapterClass.h">
      <Filter>AdapterClass</Filter>
    </ClInclude>
    <ClInclude Include="AdapterObject\AdapterObject.h">
      <Filter>AdapterObject</Filter>
    </ClInclude>
    <ClInclude Include="Bridge\Bridge.h">
      <Filter>Bridge</Filter>
    </ClInclude>
    <ClInclude Include="Builder\CarBuilder.h">
      <Filter>Builder</Filter>
    </ClInclude>
    <ClInclude Include="ChainOfResponsibility\ChainOfResponsibility.h">
      <Filter>ChainOfResponsibility</Filter>
    </ClInclude>
    <ClInclude Include="Command\Command.h">
      <Filter>Command</Filter>
    </ClInclude>
    <ClInclude Include="Composite\Composite.h">
      <Filter>Composite</Filter>
    </ClInclude>
    <ClInclude Include="Decorator\Decorator.h">
      <Filter>Decorator</Filter>
    </ClInclude>
    <ClInclude Include="Facade\Facade.h">
      <Filter>Facade</Filter>
    </ClInclude>
    <ClInclude Include="FactoryMethod\FactoryMethod.h">
      <Filter>FactoryMethod</Filter>
    </ClInclude>
    <ClInclude Include="Flyweight\Flyweight.h">
      <Filter>Flyweight</Filter>
    </ClInclude>
    <ClInclude Include="Interpreter\Interpreter.h">
      <Filter>Interpreter</Filter>
    </ClInclude>
    <ClInclude Include="Iterator\Iterator.h">
      <Filter>Iterator</Filter>
    </ClInclude>
    <ClInclude Include="Iterator\List.h">
      <Filter>Iterator</Filter>
    </ClInclude>
    <ClInclude Include="Mediator\Mediator.h">
      <Filter>Mediator</Filter>
    </ClInclude>
  </ItemGroup>
  <ItemGroup>
    <ClCompile Include="stdafx.cpp">
      <Filter>Source Files</Filter>
    </ClCompile>
    <ClCompile Include="Design_Patterns.cpp">
      <Filter>Source Files</Filter>
    </ClCompile>
    <ClCompile Include="AbstractFactory\CarFactory.cpp">
      <Filter>AbstractFactory</Filter>
    </ClCompile>
    <ClCompile Include="AdapterClass\AdapterClass.cpp">
      <Filter>AdapterClass</Filter>
    </ClCompile>
    <ClCompile Include="AdapterObject\AdapterObject.cpp">
      <Filter>AdapterObject</Filter>
    </ClCompile>
    <ClCompile Include="Bridge\Bridge.cpp">
      <Filter>Bridge</Filter>
    </ClCompile>
    <ClCompile Include="Builder\CarBuilder.cpp">
      <Filter>Builder</Filter>
    </ClCompile>
    <ClCompile Include="ChainOfResponsibility\ChainOfResponsibility.cpp">
      <Filter>ChainOfResponsibility</Filter>
    </ClCompile>
    <ClCompile Include="Command\Command.cpp">
      <Filter>Command</Filter>
    </ClCompile>
    <ClCompile Include="Composite\Composite.cpp">
      <Filter>Composite</Filter>
    </ClCompile>
    <ClCompile Include="Decorator\Decorator.cpp">
      <Filter>Decorator</Filter>
    </ClCompile>
    <ClCompile Include="Facade\Facade.cpp">
      <Filter>Facade</Filter>
    </ClCompile>
    <ClCompile Include="FactoryMethod\FactoryMethod.cpp">
      <Filter>FactoryMethod</Filter>
    </ClCompile>
    <ClCompile Include="Flyweight\Flyweight.cpp">
      <Filter>Flyweight</Filter>
    </ClCompile>
    <ClCompile Include="Interpreter\Interpreter.cpp">
      <Filter>Interpreter</Filter>
    </ClCompile>
    <ClCompile Include="Iterator\Iterator.cpp">
      <Filter>Iterator</Filter>
    </ClCompile>
    <ClCompile Include="Iterator\List.cpp">
      <Filter>Iterator</Filter>
    </ClCompile>
    <ClCompile Include="Mediator\Mediator.cpp">
      <Filter>Mediator</Filter>
    </ClCompile>
  </ItemGroup>
</Project>