
Microsoft Visual Studio Solution File, Format Version 12.00
# Visual Studio 15
VisualStudioVersion = 15.0.27130.2003
MinimumVisualStudioVersion = 10.0.40219.1
Project("{2150E333-8FDC-42A3-9474-1A3956D46DE8}") = "shell_script", "shell_script", "{1BB2CD41-147C-4D94-8956-627B941E8406}"
	ProjectSection(SolutionItems) = preProject
		shell_script\my_build_solution.bat = shell_script\my_build_solution.bat
		shell_script\myTestScript.bat = shell_script\myTestScript.bat
	EndProjectSection
EndProject
Project("{8BC9CEB8-8B4A-11D0-8D11-00A0C91BC942}") = "DemoCpp01", "DemoCpp01\DemoCpp01.vcxproj", "{DFDC4E94-E588-46AD-82C9-C48358B02E00}"
EndProject
Project("{8BC9CEB8-8B4A-11D0-8D11-00A0C91BC942}") = "DemoProfCpp3rd", "DemoProfCpp3rd\DemoProfCpp3rd.vcxproj", "{775B2E7B-FB8E-40BE-A82A-5680F3CA087F}"
EndProject
Project("{8BC9CEB8-8B4A-11D0-8D11-00A0C91BC942}") = "DemoCppMultithreading", "DemoCppMultithreading\DemoCppMultithreading.vcxproj", "{09BAC05A-5584-4121-9ACB-36B6CAE79BBE}"
EndProject
Project("{8BC9CEB8-8B4A-11D0-8D11-00A0C91BC942}") = "POSIXThreads", "POSIXThreads\POSIXThreads.vcxproj", "{AD3DC3FC-04D2-4D7F-8300-757BAA2EC5C9}"
EndProject
Project("{8BC9CEB8-8B4A-11D0-8D11-00A0C91BC942}") = "DemoCLINETCpp", "DemoCLINETCpp\DemoCLINETCpp.vcxproj", "{89546FFB-6842-4B6B-9576-469662C9BFB5}"
EndProject
Project("{F184B08F-C81C-45F6-A57F-5ABD9991F28F}") = "DemoVisualBasicConsoleApplication", "DemoVisualBasicConsoleApplication\DemoVisualBasicConsoleApplication.vbproj", "{546AC75D-28CD-489E-B08A-3ED46E6F78BE}"
EndProject
Project("{888888A0-9F3D-457C-B088-3A5042F75D52}") = "DemoPythonApplication", "DemoPythonApplication\DemoPythonApplication.pyproj", "{0C441AA4-FDAE-4AD4-81D6-1093E18E31C6}"
EndProject
Project("{FAE04EC0-301F-11D3-BF4B-00C04F79EFBC}") = "DemoCSharp01", "DemoCSharp01\DemoCSharp01.csproj", "{5FC47697-6FB9-4CDD-B759-BEFA1238C998}"
EndProject
Project("{8BC9CEB8-8B4A-11D0-8D11-00A0C91BC942}") = "Design_Patterns", "Design_Patterns\Design_Patterns.vcxproj", "{32716F1B-736E-48C1-8904-620ECBAF9BB6}"
EndProject
Project("{8BC9CEB8-8B4A-11D0-8D11-00A0C91BC942}") = "DesignPatterns_Demo", "DesignPatterns_Demo\DesignPatterns_Demo.vcxproj", "{88C8772D-89A6-415D-B2BE-59C9CF1EDFCB}"
EndProject
Project("{8BC9CEB8-8B4A-11D0-8D11-00A0C91BC942}") = "DemoCppNewStandard", "DemoCppNewStandard\DemoCppNewStandard.vcxproj", "{705C163B-6292-4B46-A828-46D9958849A9}"
EndProject
Project("{8BC9CEB8-8B4A-11D0-8D11-00A0C91BC942}") = "IT2QtBuildTool", "IT2QtBuildTool\IT2QtBuildTool.vcxproj", "{B12702AD-ABFB-343A-A199-8E24837244A3}"
EndProject
Global
	GlobalSection(SolutionConfigurationPlatforms) = preSolution
		Debug|Any CPU = Debug|Any CPU
		Debug|x64 = Debug|x64
		Debug|x86 = Debug|x86
		Release|Any CPU = Release|Any CPU
		Release|x64 = Release|x64
		Release|x86 = Release|x86
	EndGlobalSection
	GlobalSection(ProjectConfigurationPlatforms) = postSolution
		{DFDC4E94-E588-46AD-82C9-C48358B02E00}.Debug|Any CPU.ActiveCfg = Debug|Win32
		{DFDC4E94-E588-46AD-82C9-C48358B02E00}.Debug|x64.ActiveCfg = Debug|x64
		{DFDC4E94-E588-46AD-82C9-C48358B02E00}.Debug|x64.Build.0 = Debug|x64
		{DFDC4E94-E588-46AD-82C9-C48358B02E00}.Debug|x86.ActiveCfg = Debug|Win32
		{DFDC4E94-E588-46AD-82C9-C48358B02E00}.Debug|x86.Build.0 = Debug|Win32
		{DFDC4E94-E588-46AD-82C9-C48358B02E00}.Release|Any CPU.ActiveCfg = Release|Win32
		{DFDC4E94-E588-46AD-82C9-C48358B02E00}.Release|x64.ActiveCfg = Release|x64
		{DFDC4E94-E588-46AD-82C9-C48358B02E00}.Release|x64.Build.0 = Release|x64
		{DFDC4E94-E588-46AD-82C9-C48358B02E00}.Release|x86.ActiveCfg = Release|Win32
		{DFDC4E94-E588-46AD-82C9-C48358B02E00}.Release|x86.Build.0 = Release|Win32
		{775B2E7B-FB8E-40BE-A82A-5680F3CA087F}.Debug|Any CPU.ActiveCfg = Debug|Win32
		{775B2E7B-FB8E-40BE-A82A-5680F3CA087F}.Debug|x64.ActiveCfg = Debug|x64
		{775B2E7B-FB8E-40BE-A82A-5680F3CA087F}.Debug|x64.Build.0 = Debug|x64
		{775B2E7B-FB8E-40BE-A82A-5680F3CA087F}.Debug|x86.ActiveCfg = Debug|Win32
		{775B2E7B-FB8E-40BE-A82A-5680F3CA087F}.Debug|x86.Build.0 = Debug|Win32
		{775B2E7B-FB8E-40BE-A82A-5680F3CA087F}.Release|Any CPU.ActiveCfg = Release|Win32
		{775B2E7B-FB8E-40BE-A82A-5680F3CA087F}.Release|x64.ActiveCfg = Release|x64
		{775B2E7B-FB8E-40BE-A82A-5680F3CA087F}.Release|x64.Build.0 = Release|x64
		{775B2E7B-FB8E-40BE-A82A-5680F3CA087F}.Release|x86.ActiveCfg = Release|Win32
		{775B2E7B-FB8E-40BE-A82A-5680F3CA087F}.Release|x86.Build.0 = Release|Win32
		{09BAC05A-5584-4121-9ACB-36B6CAE79BBE}.Debug|Any CPU.ActiveCfg = Debug|Win32
		{09BAC05A-5584-4121-9ACB-36B6CAE79BBE}.Debug|x64.ActiveCfg = Debug|x64
		{09BAC05A-5584-4121-9ACB-36B6CAE79BBE}.Debug|x64.Build.0 = Debug|x64
		{09BAC05A-5584-4121-9ACB-36B6CAE79BBE}.Debug|x86.ActiveCfg = Debug|Win32
		{09BAC05A-5584-4121-9ACB-36B6CAE79BBE}.Debug|x86.Build.0 = Debug|Win32
		{09BAC05A-5584-4121-9ACB-36B6CAE79BBE}.Release|Any CPU.ActiveCfg = Release|Win32
		{09BAC05A-5584-4121-9ACB-36B6CAE79BBE}.Release|x64.ActiveCfg = Release|x64
		{09BAC05A-5584-4121-9ACB-36B6CAE79BBE}.Release|x64.Build.0 = Release|x64
		{09BAC05A-5584-4121-9ACB-36B6CAE79BBE}.Release|x86.ActiveCfg = Release|Win32
		{09BAC05A-5584-4121-9ACB-36B6CAE79BBE}.Release|x86.Build.0 = Release|Win32
		{AD3DC3FC-04D2-4D7F-8300-757BAA2EC5C9}.Debug|Any CPU.ActiveCfg = Debug|Win32
		{AD3DC3FC-04D2-4D7F-8300-757BAA2EC5C9}.Debug|x64.ActiveCfg = Debug|x64
		{AD3DC3FC-04D2-4D7F-8300-757BAA2EC5C9}.Debug|x64.Build.0 = Debug|x64
		{AD3DC3FC-04D2-4D7F-8300-757BAA2EC5C9}.Debug|x86.ActiveCfg = Debug|Win32
		{AD3DC3FC-04D2-4D7F-8300-757BAA2EC5C9}.Debug|x86.Build.0 = Debug|Win32
		{AD3DC3FC-04D2-4D7F-8300-757BAA2EC5C9}.Release|Any CPU.ActiveCfg = Release|Win32
		{AD3DC3FC-04D2-4D7F-8300-757BAA2EC5C9}.Release|x64.ActiveCfg = Release|x64
		{AD3DC3FC-04D2-4D7F-8300-757BAA2EC5C9}.Release|x64.Build.0 = Release|x64
		{AD3DC3FC-04D2-4D7F-8300-757BAA2EC5C9}.Release|x86.ActiveCfg = Release|Win32
		{AD3DC3FC-04D2-4D7F-8300-757BAA2EC5C9}.Release|x86.Build.0 = Release|Win32
		{89546FFB-6842-4B6B-9576-469662C9BFB5}.Debug|Any CPU.ActiveCfg = Debug|Win32
		{89546FFB-6842-4B6B-9576-469662C9BFB5}.Debug|x64.ActiveCfg = Debug|x64
		{89546FFB-6842-4B6B-9576-469662C9BFB5}.Debug|x64.Build.0 = Debug|x64
		{89546FFB-6842-4B6B-9576-469662C9BFB5}.Debug|x86.ActiveCfg = Debug|Win32
		{89546FFB-6842-4B6B-9576-469662C9BFB5}.Debug|x86.Build.0 = Debug|Win32
		{89546FFB-6842-4B6B-9576-469662C9BFB5}.Release|Any CPU.ActiveCfg = Release|Win32
		{89546FFB-6842-4B6B-9576-469662C9BFB5}.Release|x64.ActiveCfg = Release|x64
		{89546FFB-6842-4B6B-9576-469662C9BFB5}.Release|x64.Build.0 = Release|x64
		{89546FFB-6842-4B6B-9576-469662C9BFB5}.Release|x86.ActiveCfg = Release|Win32
		{89546FFB-6842-4B6B-9576-469662C9BFB5}.Release|x86.Build.0 = Release|Win32
		{546AC75D-28CD-489E-B08A-3ED46E6F78BE}.Debug|Any CPU.ActiveCfg = Debug|Any CPU
		{546AC75D-28CD-489E-B08A-3ED46E6F78BE}.Debug|Any CPU.Build.0 = Debug|Any CPU
		{546AC75D-28CD-489E-B08A-3ED46E6F78BE}.Debug|x64.ActiveCfg = Debug|Any CPU
		{546AC75D-28CD-489E-B08A-3ED46E6F78BE}.Debug|x64.Build.0 = Debug|Any CPU
		{546AC75D-28CD-489E-B08A-3ED46E6F78BE}.Debug|x86.ActiveCfg = Debug|Any CPU
		{546AC75D-28CD-489E-B08A-3ED46E6F78BE}.Debug|x86.Build.0 = Debug|Any CPU
		{546AC75D-28CD-489E-B08A-3ED46E6F78BE}.Release|Any CPU.ActiveCfg = Release|Any CPU
		{546AC75D-28CD-489E-B08A-3ED46E6F78BE}.Release|Any CPU.Build.0 = Release|Any CPU
		{546AC75D-28CD-489E-B08A-3ED46E6F78BE}.Release|x64.ActiveCfg = Release|Any CPU
		{546AC75D-28CD-489E-B08A-3ED46E6F78BE}.Release|x64.Build.0 = Release|Any CPU
		{546AC75D-28CD-489E-B08A-3ED46E6F78BE}.Release|x86.ActiveCfg = Release|Any CPU
		{546AC75D-28CD-489E-B08A-3ED46E6F78BE}.Release|x86.Build.0 = Release|Any CPU
		{0C441AA4-FDAE-4AD4-81D6-1093E18E31C6}.Debug|Any CPU.ActiveCfg = Debug|Any CPU
		{0C441AA4-FDAE-4AD4-81D6-1093E18E31C6}.Debug|x64.ActiveCfg = Debug|Any CPU
		{0C441AA4-FDAE-4AD4-81D6-1093E18E31C6}.Debug|x86.ActiveCfg = Debug|Any CPU
		{0C441AA4-FDAE-4AD4-81D6-1093E18E31C6}.Release|Any CPU.ActiveCfg = Release|Any CPU
		{0C441AA4-FDAE-4AD4-81D6-1093E18E31C6}.Release|x64.ActiveCfg = Release|Any CPU
		{0C441AA4-FDAE-4AD4-81D6-1093E18E31C6}.Release|x86.ActiveCfg = Release|Any CPU
		{5FC47697-6FB9-4CDD-B759-BEFA1238C998}.Debug|Any CPU.ActiveCfg = Debug|Any CPU
		{5FC47697-6FB9-4CDD-B759-BEFA1238C998}.Debug|Any CPU.Build.0 = Debug|Any CPU
		{5FC47697-6FB9-4CDD-B759-BEFA1238C998}.Debug|x64.ActiveCfg = Debug|Any CPU
		{5FC47697-6FB9-4CDD-B759-BEFA1238C998}.Debug|x64.Build.0 = Debug|Any CPU
		{5FC47697-6FB9-4CDD-B759-BEFA1238C998}.Debug|x86.ActiveCfg = Debug|Any CPU
		{5FC47697-6FB9-4CDD-B759-BEFA1238C998}.Debug|x86.Build.0 = Debug|Any CPU
		{5FC47697-6FB9-4CDD-B759-BEFA1238C998}.Release|Any CPU.ActiveCfg = Release|Any CPU
		{5FC47697-6FB9-4CDD-B759-BEFA1238C998}.Release|Any CPU.Build.0 = Release|Any CPU
		{5FC47697-6FB9-4CDD-B759-BEFA1238C998}.Release|x64.ActiveCfg = Release|Any CPU
		{5FC47697-6FB9-4CDD-B759-BEFA1238C998}.Release|x64.Build.0 = Release|Any CPU
		{5FC47697-6FB9-4CDD-B759-BEFA1238C998}.Release|x86.ActiveCfg = Release|Any CPU
		{5FC47697-6FB9-4CDD-B759-BEFA1238C998}.Release|x86.Build.0 = Release|Any CPU
		{32716F1B-736E-48C1-8904-620ECBAF9BB6}.Debug|Any CPU.ActiveCfg = Debug|Win32
		{32716F1B-736E-48C1-8904-620ECBAF9BB6}.Debug|x64.ActiveCfg = Debug|x64
		{32716F1B-736E-48C1-8904-620ECBAF9BB6}.Debug|x64.Build.0 = Debug|x64
		{32716F1B-736E-48C1-8904-620ECBAF9BB6}.Debug|x86.ActiveCfg = Debug|Win32
		{32716F1B-736E-48C1-8904-620ECBAF9BB6}.Debug|x86.Build.0 = Debug|Win32
		{32716F1B-736E-48C1-8904-620ECBAF9BB6}.Release|Any CPU.ActiveCfg = Release|Win32
		{32716F1B-736E-48C1-8904-620ECBAF9BB6}.Release|x64.ActiveCfg = Release|x64
		{32716F1B-736E-48C1-8904-620ECBAF9BB6}.Release|x64.Build.0 = Release|x64
		{32716F1B-736E-48C1-8904-620ECBAF9BB6}.Release|x86.ActiveCfg = Release|Win32
		{32716F1B-736E-48C1-8904-620ECBAF9BB6}.Release|x86.Build.0 = Release|Win32
		{88C8772D-89A6-415D-B2BE-59C9CF1EDFCB}.Debug|Any CPU.ActiveCfg = Debug|Win32
		{88C8772D-89A6-415D-B2BE-59C9CF1EDFCB}.Debug|x64.ActiveCfg = Debug|x64
		{88C8772D-89A6-415D-B2BE-59C9CF1EDFCB}.Debug|x64.Build.0 = Debug|x64
		{88C8772D-89A6-415D-B2BE-59C9CF1EDFCB}.Debug|x86.ActiveCfg = Debug|Win32
		{88C8772D-89A6-415D-B2BE-59C9CF1EDFCB}.Debug|x86.Build.0 = Debug|Win32
		{88C8772D-89A6-415D-B2BE-59C9CF1EDFCB}.Release|Any CPU.ActiveCfg = Release|Win32
		{88C8772D-89A6-415D-B2BE-59C9CF1EDFCB}.Release|x64.ActiveCfg = Release|x64
		{88C8772D-89A6-415D-B2BE-59C9CF1EDFCB}.Release|x64.Build.0 = Release|x64
		{88C8772D-89A6-415D-B2BE-59C9CF1EDFCB}.Release|x86.ActiveCfg = Release|Win32
		{88C8772D-89A6-415D-B2BE-59C9CF1EDFCB}.Release|x86.Build.0 = Release|Win32
		{705C163B-6292-4B46-A828-46D9958849A9}.Debug|Any CPU.ActiveCfg = Debug|Win32
		{705C163B-6292-4B46-A828-46D9958849A9}.Debug|x64.ActiveCfg = Debug|x64
		{705C163B-6292-4B46-A828-46D9958849A9}.Debug|x64.Build.0 = Debug|x64
		{705C163B-6292-4B46-A828-46D9958849A9}.Debug|x86.ActiveCfg = Debug|Win32
		{705C163B-6292-4B46-A828-46D9958849A9}.Debug|x86.Build.0 = Debug|Win32
		{705C163B-6292-4B46-A828-46D9958849A9}.Release|Any CPU.ActiveCfg = Release|Win32
		{705C163B-6292-4B46-A828-46D9958849A9}.Release|x64.ActiveCfg = Release|x64
		{705C163B-6292-4B46-A828-46D9958849A9}.Release|x64.Build.0 = Release|x64
		{705C163B-6292-4B46-A828-46D9958849A9}.Release|x86.ActiveCfg = Release|Win32
		{705C163B-6292-4B46-A828-46D9958849A9}.Release|x86.Build.0 = Release|Win32
		{B12702AD-ABFB-343A-A199-8E24837244A3}.Debug|Any CPU.ActiveCfg = Debug|x64
		{B12702AD-ABFB-343A-A199-8E24837244A3}.Debug|x64.ActiveCfg = Debug|x64
		{B12702AD-ABFB-343A-A199-8E24837244A3}.Debug|x64.Build.0 = Debug|x64
		{B12702AD-ABFB-343A-A199-8E24837244A3}.Debug|x86.ActiveCfg = Debug|x64
		{B12702AD-ABFB-343A-A199-8E24837244A3}.Release|Any CPU.ActiveCfg = Release|x64
		{B12702AD-ABFB-343A-A199-8E24837244A3}.Release|x64.ActiveCfg = Release|x64
		{B12702AD-ABFB-343A-A199-8E24837244A3}.Release|x64.Build.0 = Release|x64
		{B12702AD-ABFB-343A-A199-8E24837244A3}.Release|x86.ActiveCfg = Release|x64
	EndGlobalSection
	GlobalSection(SolutionProperties) = preSolution
		HideSolutionNode = FALSE
	EndGlobalSection
	GlobalSection(ExtensibilityGlobals) = postSolution
		SolutionGuid = {7CF93C80-E432-4FCF-B38F-8B8FB1BFBB97}
	EndGlobalSection
EndGlobal
