<?xml version="1.0" encoding="utf-8"?>
<Project ToolsVersion="4.0" xmlns="http://schemas.microsoft.com/developer/msbuild/2003">
  <ItemGroup>
    <Filter Include="Source Files">
      <UniqueIdentifier>{4FC737F1-C7A5-4376-A066-2A32D752A2FF}</UniqueIdentifier>
      <Extensions>cpp;c;cc;cxx;def;odl;idl;hpj;bat;asm;asmx</Extensions>
    </Filter>
    <Filter Include="Header Files">
      <UniqueIdentifier>{93995380-89BD-4b04-88EB-625FBE52EBFB}</UniqueIdentifier>
      <Extensions>h;hh;hpp;hxx;hm;inl;inc;xsd</Extensions>
    </Filter>
    <Filter Include="Resource Files">
      <UniqueIdentifier>{67DA6AB6-F800-4c08-8B7A-83BB121AAD01}</UniqueIdentifier>
      <Extensions>rc;ico;cur;bmp;dlg;rc2;rct;bin;rgs;gif;jpg;jpeg;jpe;resx;tiff;tif;png;wav;mfcribbon-ms</Extensions>
    </Filter>
    <Filter Include="chap01">
      <UniqueIdentifier>{560b131c-811d-4a87-a037-acd6b62a3dc9}</UniqueIdentifier>
    </Filter>
    <Filter Include="chap02">
      <UniqueIdentifier>{9ff96dd1-18ca-409c-9ba6-37c3e14fb213}</UniqueIdentifier>
    </Filter>
    <Filter Include="chap03">
      <UniqueIdentifier>{5717e3dc-5e98-423e-aad2-62682aa3b0d9}</UniqueIdentifier>
    </Filter>
    <Filter Include="chap04">
      <UniqueIdentifier>{8ae0be11-7538-48cb-a9dc-7ab1bff42123}</UniqueIdentifier>
    </Filter>
    <Filter Include="chap05">
      <UniqueIdentifier>{073dc1c5-e20e-444c-9f2b-3e8b446b887c}</UniqueIdentifier>
    </Filter>
    <Filter Include="WebThreadDoc">
      <UniqueIdentifier>{786266f8-7ee1-448c-ad88-54a968362ff7}</UniqueIdentifier>
    </Filter>
    <Filter Include="OptionsDerivativesProgramming">
      <UniqueIdentifier>{bdcbf2a5-c948-4a8e-aa7f-57e3bc83b0f1}</UniqueIdentifier>
    </Filter>
  </ItemGroup>
  <ItemGroup>
    <Text Include="ReadMe.txt" />
    <Text Include="WebThreadDoc\ReadMe.txt">
      <Filter>WebThreadDoc</Filter>
    </Text>
    <Text Include="OptionsDerivativesProgramming\Readme.txt">
      <Filter>OptionsDerivativesProgramming</Filter>
    </Text>
  </ItemGroup>
  <ItemGroup>
    <ClInclude Include="stdafx.h">
      <Filter>Header Files</Filter>
    </ClInclude>
    <ClInclude Include="targetver.h">
      <Filter>Header Files</Filter>
    </ClInclude>
    <ClInclude Include="chap01\chap01DemoHello.h">
      <Filter>chap01</Filter>
    </ClInclude>
    <ClInclude Include="chap02\chap02DemoThreadManagement.h">
      <Filter>chap02</Filter>
    </ClInclude>
    <ClInclude Include="chap03\chap03ThreadSharingData.h">
      <Filter>chap03</Filter>
    </ClInclude>
    <ClInclude Include="chap04\Chap04SynchronizingConcurrentOperations.h">
      <Filter>chap04</Filter>
    </ClInclude>
    <ClInclude Include="chap05\chap05MemoryModelAtomicOperation.h">
      <Filter>chap05</Filter>
    </ClInclude>
    <ClInclude Include="WebThreadDoc\ThreadWebDoc.h">
      <Filter>WebThreadDoc</Filter>
    </ClInclude>
    <ClInclude Include="OptionsDerivativesProgramming\OptionsDerivatives.h">
      <Filter>OptionsDerivativesProgramming</Filter>
    </ClInclude>
    <ClInclude Include="OptionsDerivativesProgramming\Ch01GenericOption.h">
      <Filter>OptionsDerivativesProgramming</Filter>
    </ClInclude>
    <ClInclude Include="OptionsDerivativesProgramming\Ch02RandomWalkGenerator.h">
      <Filter>OptionsDerivativesProgramming</Filter>
    </ClInclude>
    <ClInclude Include="OptionsDerivativesProgramming\Date.h">
      <Filter>OptionsDerivativesProgramming</Filter>
    </ClInclude>
    <ClInclude Include="OptionsDerivativesProgramming\Chap05DataSource.h">
      <Filter>OptionsDerivativesProgramming</Filter>
    </ClInclude>
    <ClInclude Include="OptionsDerivativesProgramming\Chap05DesignPatterns.h">
      <Filter>OptionsDerivativesProgramming</Filter>
    </ClInclude>
  </ItemGroup>
  <ItemGroup>
    <ClCompile Include="stdafx.cpp">
      <Filter>Source Files</Filter>
    </ClCompile>
    <ClCompile Include="DemoCppMultithreading.cpp">
      <Filter>Source Files</Filter>
    </ClCompile>
    <ClCompile Include="chap01\chap01DemoHello.cpp">
      <Filter>chap01</Filter>
    </ClCompile>
    <ClCompile Include="chap02\chap02DemoThreadManagement.cpp">
      <Filter>chap02</Filter>
    </ClCompile>
    <ClCompile Include="chap03\chap03ThreadSharingData.cpp">
      <Filter>chap03</Filter>
    </ClCompile>
    <ClCompile Include="chap04\Chap04SynchronizingConcurrentOperations.cpp">
      <Filter>chap04</Filter>
    </ClCompile>
    <ClCompile Include="chap05\chap05MemoryModelAtomicOperation.cpp">
      <Filter>chap05</Filter>
    </ClCompile>
    <ClCompile Include="WebThreadDoc\ThreadWebDoc.cpp">
      <Filter>WebThreadDoc</Filter>
    </ClCompile>
    <ClCompile Include="OptionsDerivativesProgramming\OptionsDerivatives.cpp">
      <Filter>OptionsDerivativesProgramming</Filter>
    </ClCompile>
    <ClCompile Include="OptionsDerivativesProgramming\Ch01GenericOption.cpp">
      <Filter>OptionsDerivativesProgramming</Filter>
    </ClCompile>
    <ClCompile Include="OptionsDerivativesProgramming\Ch02RandomWalkGenerator.cpp">
      <Filter>OptionsDerivativesProgramming</Filter>
    </ClCompile>
    <ClCompile Include="OptionsDerivativesProgramming\Date.cpp">
      <Filter>OptionsDerivativesProgramming</Filter>
    </ClCompile>
    <ClCompile Include="OptionsDerivativesProgramming\Chap05DataSource.cpp">
      <Filter>OptionsDerivativesProgramming</Filter>
    </ClCompile>
    <ClCompile Include="OptionsDerivativesProgramming\Chap05DesignPatterns.cpp">
      <Filter>OptionsDerivativesProgramming</Filter>
    </ClCompile>
  </ItemGroup>
</Project>