<?xml version="1.0" encoding="utf-8"?>
<Project ToolsVersion="4.0" xmlns="http://schemas.microsoft.com/developer/msbuild/2003">
  <ItemGroup>
    <Filter Include="Source Files">
      <UniqueIdentifier>{4FC737F1-C7A5-4376-A066-2A32D752A2FF}</UniqueIdentifier>
      <Extensions>cpp;c;cc;cxx;def;odl;idl;hpj;bat;asm;asmx</Extensions>
    </Filter>
    <Filter Include="Header Files">
      <UniqueIdentifier>{93995380-89BD-4b04-88EB-625FBE52EBFB}</UniqueIdentifier>
      <Extensions>h;hh;hpp;hxx;hm;inl;inc;xsd</Extensions>
    </Filter>
    <Filter Include="Resource Files">
      <UniqueIdentifier>{67DA6AB6-F800-4c08-8B7A-83BB121AAD01}</UniqueIdentifier>
      <Extensions>rc;ico;cur;bmp;dlg;rc2;rct;bin;rgs;gif;jpg;jpeg;jpe;resx;tiff;tif;png;wav;mfcribbon-ms</Extensions>
    </Filter>
    <Filter Include="chap11">
      <UniqueIdentifier>{41caad64-4d55-400c-8f43-174023a3e0dc}</UniqueIdentifier>
    </Filter>
    <Filter Include="chap19">
      <UniqueIdentifier>{51376134-9d18-4c86-9129-ae34d0a5524d}</UniqueIdentifier>
    </Filter>
    <Filter Include="chap12">
      <UniqueIdentifier>{affbb6ae-da4d-4cba-9ecd-0b736dd1090c}</UniqueIdentifier>
    </Filter>
    <Filter Include="chap13">
      <UniqueIdentifier>{78dc9e6d-6380-403e-9280-73137418d81b}</UniqueIdentifier>
    </Filter>
    <Filter Include="chap14">
      <UniqueIdentifier>{2f969cb6-6d73-42f6-9147-6deb68d40eb5}</UniqueIdentifier>
    </Filter>
    <Filter Include="chap23">
      <UniqueIdentifier>{ef98ea57-0807-4525-a494-f8a64947db73}</UniqueIdentifier>
    </Filter>
    <Filter Include="ModernCpp">
      <UniqueIdentifier>{98699f93-9a7c-46d7-949e-79d3b21a1f38}</UniqueIdentifier>
    </Filter>
  </ItemGroup>
  <ItemGroup>
    <Text Include="ReadMe.txt" />
  </ItemGroup>
  <ItemGroup>
    <ClInclude Include="stdafx.h">
      <Filter>Header Files</Filter>
    </ClInclude>
    <ClInclude Include="targetver.h">
      <Filter>Header Files</Filter>
    </ClInclude>
    <ClInclude Include="chap11\Grid.h">
      <Filter>chap11</Filter>
    </ClInclude>
    <ClInclude Include="chap11\chap11Template.h">
      <Filter>chap11</Filter>
    </ClInclude>
    <ClInclude Include="chap19\chap19.h">
      <Filter>chap19</Filter>
    </ClInclude>
    <ClInclude Include="chap11\NonTypeGridParameters.h">
      <Filter>chap11</Filter>
    </ClInclude>
    <ClInclude Include="chap11\FuncTemplate.h">
      <Filter>chap11</Filter>
    </ClInclude>
    <ClInclude Include="chap11\FuncTemplateString.h">
      <Filter>chap11</Filter>
    </ClInclude>
    <ClInclude Include="chap11\GridString.h">
      <Filter>chap11</Filter>
    </ClInclude>
    <ClInclude Include="chap12\chap12OutputStreams.h">
      <Filter>chap12</Filter>
    </ClInclude>
    <ClInclude Include="chap12\Muffin.h">
      <Filter>chap12</Filter>
    </ClInclude>
    <ClInclude Include="chap13\chap13HandleException.h">
      <Filter>chap13</Filter>
    </ClInclude>
    <ClInclude Include="chap13\FileError.h">
      <Filter>chap13</Filter>
    </ClInclude>
    <ClInclude Include="chap14\SpreadsheetCell.h">
      <Filter>chap14</Filter>
    </ClInclude>
    <ClInclude Include="chap14\chap14OperatorOverloading.h">
      <Filter>chap14</Filter>
    </ClInclude>
    <ClInclude Include="chap14\Array.h">
      <Filter>chap14</Filter>
    </ClInclude>
    <ClInclude Include="chap14\AssociativeArray.h">
      <Filter>chap14</Filter>
    </ClInclude>
    <ClInclude Include="chap14\Pointer.h">
      <Filter>chap14</Filter>
    </ClInclude>
    <ClInclude Include="chap14\MemoryDemo.h">
      <Filter>chap14</Filter>
    </ClInclude>
    <ClInclude Include="chap23\chap23MultiThreadProgramming.h">
      <Filter>chap23</Filter>
    </ClInclude>
    <ClInclude Include="chap23\Logger.h">
      <Filter>chap23</Filter>
    </ClInclude>
    <ClInclude Include="ModernCpp\ModernCpp.h">
      <Filter>ModernCpp</Filter>
    </ClInclude>
    <ClInclude Include="ModernCpp\string_view.h">
      <Filter>ModernCpp</Filter>
    </ClInclude>
  </ItemGroup>
  <ItemGroup>
    <ClCompile Include="stdafx.cpp">
      <Filter>Source Files</Filter>
    </ClCompile>
    <ClCompile Include="DemoProfCpp3rd.cpp">
      <Filter>Source Files</Filter>
    </ClCompile>
    <ClCompile Include="chap11\chap11Template.cpp">
      <Filter>chap11</Filter>
    </ClCompile>
    <ClCompile Include="chap19\chap19.cpp">
      <Filter>chap19</Filter>
    </ClCompile>
    <ClCompile Include="chap11\FuncTemplateString.cpp">
      <Filter>chap11</Filter>
    </ClCompile>
    <ClCompile Include="chap12\chap12OutputStreams.cpp">
      <Filter>chap12</Filter>
    </ClCompile>
    <ClCompile Include="chap12\Muffin.cpp">
      <Filter>chap12</Filter>
    </ClCompile>
    <ClCompile Include="chap13\chap13HandleException.cpp">
      <Filter>chap13</Filter>
    </ClCompile>
    <ClCompile Include="chap13\FileError.cpp">
      <Filter>chap13</Filter>
    </ClCompile>
    <ClCompile Include="chap14\SpreadsheetCell.cpp">
      <Filter>chap14</Filter>
    </ClCompile>
    <ClCompile Include="chap14\chap14OperatorOverloading.cpp">
      <Filter>chap14</Filter>
    </ClCompile>
    <ClCompile Include="chap14\MemoryDemo.cpp">
      <Filter>chap14</Filter>
    </ClCompile>
    <ClCompile Include="chap23\chap23MultiThreadProgramming.cpp">
      <Filter>chap23</Filter>
    </ClCompile>
    <ClCompile Include="chap23\Logger.cpp">
      <Filter>chap23</Filter>
    </ClCompile>
    <ClCompile Include="ModernCpp\ModernCpp.cpp">
      <Filter>ModernCpp</Filter>
    </ClCompile>
  </ItemGroup>
</Project>