<?xml version="1.0" encoding="utf-8"?>
<Project ToolsVersion="4.0" xmlns="http://schemas.microsoft.com/developer/msbuild/2003">
  <ItemGroup>
    <Filter Include="Source Files">
      <UniqueIdentifier>{4FC737F1-C7A5-4376-A066-2A32D752A2FF}</UniqueIdentifier>
      <Extensions>cpp;c;cc;cxx;def;odl;idl;hpj;bat;asm;asmx</Extensions>
    </Filter>
    <Filter Include="Header Files">
      <UniqueIdentifier>{93995380-89BD-4b04-88EB-625FBE52EBFB}</UniqueIdentifier>
      <Extensions>h;hh;hpp;hxx;hm;inl;inc;ipp;xsd</Extensions>
    </Filter>
    <Filter Include="Resource Files">
      <UniqueIdentifier>{67DA6AB6-F800-4c08-8B7A-83BB121AAD01}</UniqueIdentifier>
      <Extensions>rc;ico;cur;bmp;dlg;rc2;rct;bin;rgs;gif;jpg;jpeg;jpe;resx;tiff;tif;png;wav;mfcribbon-ms</Extensions>
    </Filter>
    <Filter Include="P01_Basic_New_Features">
      <UniqueIdentifier>{48327c72-2711-4143-8275-3c9d7e887f16}</UniqueIdentifier>
    </Filter>
    <Filter Include="P02_New_Libs_Enhancement">
      <UniqueIdentifier>{845ee64a-5126-47bd-8a6f-8ac98e53bddb}</UniqueIdentifier>
    </Filter>
    <Filter Include="P03_New_Class_Features">
      <UniqueIdentifier>{19f4bd41-2acf-49fc-b31b-98aa1188d697}</UniqueIdentifier>
    </Filter>
    <Filter Include="P04_New_Library_Features">
      <UniqueIdentifier>{79a962d5-8e06-4efa-aac0-ad7ba5cfff12}</UniqueIdentifier>
    </Filter>
    <Filter Include="ProfCpp4thCh01">
      <UniqueIdentifier>{d3cb5bf2-3a4d-455c-a3a6-ef97113134c8}</UniqueIdentifier>
    </Filter>
    <Filter Include="ProfCpp4thCh02">
      <UniqueIdentifier>{3bd9b54d-9655-4510-a9ae-d2b00a832beb}</UniqueIdentifier>
    </Filter>
    <Filter Include="ProfCpp4thCh07">
      <UniqueIdentifier>{25a1c2e0-b2d4-478e-a1b6-3d1669b11ef5}</UniqueIdentifier>
    </Filter>
    <Filter Include="ProfCpp4thCh08">
      <UniqueIdentifier>{360aa8a5-6ed8-420b-a7e0-9297048fad53}</UniqueIdentifier>
    </Filter>
  </ItemGroup>
  <ItemGroup>
    <ClInclude Include="stdafx.h">
      <Filter>Header Files</Filter>
    </ClInclude>
    <ClInclude Include="targetver.h">
      <Filter>Header Files</Filter>
    </ClInclude>
    <ClInclude Include="P01_Basic_New_Features\P01_Basic_New_Features.h">
      <Filter>P01_Basic_New_Features</Filter>
    </ClInclude>
    <ClInclude Include="P02_New_Libs_Enhancement\P02_New_Libs_Enhancement.h">
      <Filter>P02_New_Libs_Enhancement</Filter>
    </ClInclude>
    <ClInclude Include="P03_New_Class_Features\P03_New_Class_Features.h">
      <Filter>P03_New_Class_Features</Filter>
    </ClInclude>
    <ClInclude Include="P04_New_Library_Features\P04_New_Library_Features.h">
      <Filter>P04_New_Library_Features</Filter>
    </ClInclude>
    <ClInclude Include="ProfCpp4thCh01\ProfCpp4thCh01.h">
      <Filter>ProfCpp4thCh01</Filter>
    </ClInclude>
    <ClInclude Include="ProfCpp4thCh02\ProfCpp4thCh02.h">
      <Filter>ProfCpp4thCh02</Filter>
    </ClInclude>
    <ClInclude Include="ProfCpp4thCh07\ProfCpp4thCh07.h">
      <Filter>ProfCpp4thCh07</Filter>
    </ClInclude>
    <ClInclude Include="ProfCpp4thCh08\ProfCpp4thCh08.h">
      <Filter>ProfCpp4thCh08</Filter>
    </ClInclude>
    <ClInclude Include="ProfCpp4thCh08\SpreadsheetCell.h">
      <Filter>ProfCpp4thCh08</Filter>
    </ClInclude>
  </ItemGroup>
  <ItemGroup>
    <ClCompile Include="stdafx.cpp">
      <Filter>Source Files</Filter>
    </ClCompile>
    <ClCompile Include="DemoCppNewStandard.cpp">
      <Filter>Source Files</Filter>
    </ClCompile>
    <ClCompile Include="P01_Basic_New_Features\P01_Basic_New_Features.cpp">
      <Filter>P01_Basic_New_Features</Filter>
    </ClCompile>
    <ClCompile Include="P02_New_Libs_Enhancement\P02_New_Libs_Enhancement.cpp">
      <Filter>P02_New_Libs_Enhancement</Filter>
    </ClCompile>
    <ClCompile Include="P03_New_Class_Features\P03_New_Class_Features.cpp">
      <Filter>P03_New_Class_Features</Filter>
    </ClCompile>
    <ClCompile Include="P04_New_Library_Features\P04_New_Library_Features.cpp">
      <Filter>P04_New_Library_Features</Filter>
    </ClCompile>
    <ClCompile Include="ProfCpp4thCh01\ProfCpp4thCh01.cpp">
      <Filter>ProfCpp4thCh01</Filter>
    </ClCompile>
    <ClCompile Include="ProfCpp4thCh02\ProfCpp4thCh02.cpp">
      <Filter>ProfCpp4thCh02</Filter>
    </ClCompile>
    <ClCompile Include="ProfCpp4thCh07\ProfCpp4thCh07.cpp">
      <Filter>ProfCpp4thCh07</Filter>
    </ClCompile>
    <ClCompile Include="ProfCpp4thCh08\ProfCpp4thCh08.cpp">
      <Filter>ProfCpp4thCh08</Filter>
    </ClCompile>
    <ClCompile Include="ProfCpp4thCh08\SpreadsheetCell.cpp">
      <Filter>ProfCpp4thCh08</Filter>
    </ClCompile>
  </ItemGroup>
</Project>