<?xml version="1.0" encoding="utf-8"?>
<Project ToolsVersion="4.0" xmlns="http://schemas.microsoft.com/developer/msbuild/2003">
  <ItemGroup>
    <Filter Include="Source Files">
      <UniqueIdentifier>{4FC737F1-C7A5-4376-A066-2A32D752A2FF}</UniqueIdentifier>
      <Extensions>cpp;c;cc;cxx;def;odl;idl;hpj;bat;asm;asmx</Extensions>
    </Filter>
    <Filter Include="Header Files">
      <UniqueIdentifier>{93995380-89BD-4b04-88EB-625FBE52EBFB}</UniqueIdentifier>
      <Extensions>h;hh;hpp;hxx;hm;inl;inc;ipp;xsd</Extensions>
    </Filter>
    <Filter Include="Resource Files">
      <UniqueIdentifier>{67DA6AB6-F800-4c08-8B7A-83BB121AAD01}</UniqueIdentifier>
      <Extensions>rc;ico;cur;bmp;dlg;rc2;rct;bin;rgs;gif;jpg;jpeg;jpe;resx;tiff;tif;png;wav;mfcribbon-ms</Extensions>
    </Filter>
    <Filter Include="AbstractFactory">
      <UniqueIdentifier>{6652f065-80c0-4a62-996c-c658eb2fcd18}</UniqueIdentifier>
    </Filter>
    <Filter Include="Adapter">
      <UniqueIdentifier>{0ce04102-6f7c-4ade-b58d-24c82c78c149}</UniqueIdentifier>
    </Filter>
    <Filter Include="Bridge">
      <UniqueIdentifier>{fbfa4609-d867-42ed-93ab-37d56fe75a91}</UniqueIdentifier>
    </Filter>
    <Filter Include="Builder">
      <UniqueIdentifier>{34d6038a-91ce-42ee-912c-4dd197a122d6}</UniqueIdentifier>
    </Filter>
    <Filter Include="ChainOfResponsibility">
      <UniqueIdentifier>{37faa55e-3da2-45fe-888c-671e3b1f7ce6}</UniqueIdentifier>
    </Filter>
    <Filter Include="Command">
      <UniqueIdentifier>{f65827eb-0dbc-450d-8d41-4e9a438189aa}</UniqueIdentifier>
    </Filter>
    <Filter Include="Composite">
      <UniqueIdentifier>{fa46af3d-2640-4406-9f51-b7151eb73daf}</UniqueIdentifier>
    </Filter>
    <Filter Include="Decorator">
      <UniqueIdentifier>{16fc2c33-2c3a-417a-a201-712ee25f78b9}</UniqueIdentifier>
    </Filter>
    <Filter Include="Factory">
      <UniqueIdentifier>{d8e04d64-0434-47d2-a948-93d05b6743b1}</UniqueIdentifier>
    </Filter>
    <Filter Include="FlyWeight">
      <UniqueIdentifier>{31d32cc3-4716-4156-a2c2-1d4cce743915}</UniqueIdentifier>
    </Filter>
    <Filter Include="Iterator">
      <UniqueIdentifier>{004afe2f-3bbb-4008-9be6-c5a8c2b308de}</UniqueIdentifier>
    </Filter>
    <Filter Include="Memento">
      <UniqueIdentifier>{ca6449ae-25a8-4ec0-bddd-59eeeccf092e}</UniqueIdentifier>
    </Filter>
    <Filter Include="Observer">
      <UniqueIdentifier>{df64f223-acd5-498a-883d-a1e9115bce97}</UniqueIdentifier>
    </Filter>
    <Filter Include="Prototype">
      <UniqueIdentifier>{9ca4df2c-d3d4-444f-8284-dd3b9b884f17}</UniqueIdentifier>
    </Filter>
    <Filter Include="Proxy">
      <UniqueIdentifier>{5861ba15-0d94-41e6-aef5-41cd712c0ed7}</UniqueIdentifier>
    </Filter>
    <Filter Include="Singleton">
      <UniqueIdentifier>{ea8559fb-39ee-4127-8afc-ca819a60f2f8}</UniqueIdentifier>
    </Filter>
    <Filter Include="State">
      <UniqueIdentifier>{c3035ef8-f92d-4c8e-b962-181b32ba02dc}</UniqueIdentifier>
    </Filter>
    <Filter Include="Strategy">
      <UniqueIdentifier>{83181610-66b6-4153-97e0-777772dfded6}</UniqueIdentifier>
    </Filter>
    <Filter Include="TemplateMethod">
      <UniqueIdentifier>{74930747-8af8-4ba4-aed2-e3c1ef96394f}</UniqueIdentifier>
    </Filter>
  </ItemGroup>
  <ItemGroup>
    <ClInclude Include="stdafx.h">
      <Filter>Header Files</Filter>
    </ClInclude>
    <ClInclude Include="targetver.h">
      <Filter>Header Files</Filter>
    </ClInclude>
    <ClInclude Include="AbstractFactory\AbstractFactory.h">
      <Filter>AbstractFactory</Filter>
    </ClInclude>
    <ClInclude Include="Adapter\Adapter.h">
      <Filter>Adapter</Filter>
    </ClInclude>
    <ClInclude Include="Bridge\Bridge.h">
      <Filter>Bridge</Filter>
    </ClInclude>
    <ClInclude Include="Builder\Builder.h">
      <Filter>Builder</Filter>
    </ClInclude>
    <ClInclude Include="ChainOfResponsibility\ChainOfResponsibility.h">
      <Filter>ChainOfResponsibility</Filter>
    </ClInclude>
    <ClInclude Include="Command\Command.h">
      <Filter>Command</Filter>
    </ClInclude>
    <ClInclude Include="Composite\Composite.h">
      <Filter>Composite</Filter>
    </ClInclude>
    <ClInclude Include="Decorator\Decorator.h">
      <Filter>Decorator</Filter>
    </ClInclude>
    <ClInclude Include="Factory\Factory.h">
      <Filter>Factory</Filter>
    </ClInclude>
    <ClInclude Include="FlyWeight\FlyWeight.h">
      <Filter>FlyWeight</Filter>
    </ClInclude>
    <ClInclude Include="Iterator\Iterator.h">
      <Filter>Iterator</Filter>
    </ClInclude>
    <ClInclude Include="Memento\Memento.h">
      <Filter>Memento</Filter>
    </ClInclude>
    <ClInclude Include="Observer\Observer.h">
      <Filter>Observer</Filter>
    </ClInclude>
    <ClInclude Include="Prototype\Prototype.h">
      <Filter>Prototype</Filter>
    </ClInclude>
    <ClInclude Include="Proxy\Proxy.h">
      <Filter>Proxy</Filter>
    </ClInclude>
    <ClInclude Include="Singleton\Singleton.h">
      <Filter>Singleton</Filter>
    </ClInclude>
    <ClInclude Include="State\State.h">
      <Filter>State</Filter>
    </ClInclude>
    <ClInclude Include="Strategy\Strategy.h">
      <Filter>Strategy</Filter>
    </ClInclude>
    <ClInclude Include="TemplateMethod\TemplateMethod.h">
      <Filter>TemplateMethod</Filter>
    </ClInclude>
  </ItemGroup>
  <ItemGroup>
    <ClCompile Include="stdafx.cpp">
      <Filter>Source Files</Filter>
    </ClCompile>
    <ClCompile Include="DesignPatterns_Demo.cpp">
      <Filter>Source Files</Filter>
    </ClCompile>
    <ClCompile Include="AbstractFactory\AbstractFactory.cpp">
      <Filter>AbstractFactory</Filter>
    </ClCompile>
    <ClCompile Include="Adapter\Adapter.cpp">
      <Filter>Adapter</Filter>
    </ClCompile>
    <ClCompile Include="Bridge\Bridge.cpp">
      <Filter>Bridge</Filter>
    </ClCompile>
    <ClCompile Include="Builder\Builder.cpp">
      <Filter>Builder</Filter>
    </ClCompile>
    <ClCompile Include="ChainOfResponsibility\ChainOfResponsibility.cpp">
      <Filter>ChainOfResponsibility</Filter>
    </ClCompile>
    <ClCompile Include="Command\Command.cpp">
      <Filter>Command</Filter>
    </ClCompile>
    <ClCompile Include="Composite\Composite.cpp">
      <Filter>Composite</Filter>
    </ClCompile>
    <ClCompile Include="Decorator\Decorator.cpp">
      <Filter>Decorator</Filter>
    </ClCompile>
    <ClCompile Include="Factory\Factory.cpp">
      <Filter>Factory</Filter>
    </ClCompile>
    <ClCompile Include="FlyWeight\FlyWeight.cpp">
      <Filter>FlyWeight</Filter>
    </ClCompile>
    <ClCompile Include="Iterator\Iterator.cpp">
      <Filter>Iterator</Filter>
    </ClCompile>
    <ClCompile Include="Memento\Memento.cpp">
      <Filter>Memento</Filter>
    </ClCompile>
    <ClCompile Include="Observer\Observer.cpp">
      <Filter>Observer</Filter>
    </ClCompile>
    <ClCompile Include="Prototype\Prototype.cpp">
      <Filter>Prototype</Filter>
    </ClCompile>
    <ClCompile Include="Proxy\Proxy.cpp">
      <Filter>Proxy</Filter>
    </ClCompile>
    <ClCompile Include="Singleton\Singleton.cpp">
      <Filter>Singleton</Filter>
    </ClCompile>
    <ClCompile Include="State\State.cpp">
      <Filter>State</Filter>
    </ClCompile>
    <ClCompile Include="Strategy\Strategy.cpp">
      <Filter>Strategy</Filter>
    </ClCompile>
    <ClCompile Include="TemplateMethod\TemplateMethod.cpp">
      <Filter>TemplateMethod</Filter>
    </ClCompile>
  </ItemGroup>
</Project>